// !$*UTF8*$!
{
	archiveVersion = 1;
	classes = {
	};
	objectVersion = 56;
	objects = {

/* Begin PBXBuildFile section */
		08B2C8992AB065EC00A98BC0 /* AppDelegate.swift in Sources */ = {isa = PBXBuildFile; fileRef = 08B2C8982AB065EC00A98BC0 /* AppDelegate.swift */; };
		08B2C89B2AB065EC00A98BC0 /* SceneDelegate.swift in Sources */ = {isa = PBXBuildFile; fileRef = 08B2C89A2AB065EC00A98BC0 /* SceneDelegate.swift */; };
		08B2C89D2AB065EC00A98BC0 /* ViewController.swift in Sources */ = {isa = PBXBuildFile; fileRef = 08B2C89C2AB065EC00A98BC0 /* ViewController.swift */; };
		08B2C8A02AB065EC00A98BC0 /* Main.storyboard in Resources */ = {isa = PBXBuildFile; fileRef = 08B2C89E2AB065EC00A98BC0 /* Main.storyboard */; };
		08B2C8A22AB065ED00A98BC0 /* Assets.xcassets in Resources */ = {isa = PBXBuildFile; fileRef = 08B2C8A12AB065ED00A98BC0 /* Assets.xcassets */; };
		08B2C8A52AB065ED00A98BC0 /* LaunchScreen.storyboard in Resources */ = {isa = PBXBuildFile; fileRef = 08B2C8A32AB065ED00A98BC0 /* LaunchScreen.storyboard */; };
		08B2C8AF2AB0664600A98BC0 /* UIImage+CVPixelBuffer.swift in Sources */ = {isa = PBXBuildFile; fileRef = 08B2C8AE2AB0664600A98BC0 /* UIImage+CVPixelBuffer.swift */; };
		08B2C8B32AB06A0200A98BC0 /* CGImage+CVPixelBuffer.swift in Sources */ = {isa = PBXBuildFile; fileRef = 08B2C8B22AB06A0200A98BC0 /* CGImage+CVPixelBuffer.swift */; };
		08B2C8B52AB0737C00A98BC0 /* MNISTClassifier.mlmodel in Sources */ = {isa = PBXBuildFile; fileRef = 08B2C8B42AB0737C00A98BC0 /* MNISTClassifier.mlmodel */; };
		08B2C8BA2AB0843100A98BC0 /* TinyConstraints in Frameworks */ = {isa = PBXBuildFile; productRef = 08B2C8B92AB0843100A98BC0 /* TinyConstraints */; };
		08B2C8C22AB17DD000A98BC0 /* UIImage+Background.swift in Sources */ = {isa = PBXBuildFile; fileRef = 08B2C8C12AB17DD000A98BC0 /* UIImage+Background.swift */; };
		08B2C8C42AB1A7D000A98BC0 /* Question.swift in Sources */ = {isa = PBXBuildFile; fileRef = 08B2C8C32AB1A7D000A98BC0 /* Question.swift */; };
/* End PBXBuildFile section */

/* Begin PBXFileReference section */
		08B2C8952AB065EC00A98BC0 /* SoberMeter.app */ = {isa = PBXFileReference; explicitFileType = wrapper.application; includeInIndex = 0; path = SoberMeter.app; sourceTree = BUILT_PRODUCTS_DIR; };
		08B2C8982AB065EC00A98BC0 /* AppDelegate.swift */ = {isa = PBXFileReference; lastKnownFileType = sourcecode.swift; path = AppDelegate.swift; sourceTree = "<group>"; };
		08B2C89A2AB065EC00A98BC0 /* SceneDelegate.swift */ = {isa = PBXFileReference; lastKnownFileType = sourcecode.swift; path = SceneDelegate.swift; sourceTree = "<group>"; };
		08B2C89C2AB065EC00A98BC0 /* ViewController.swift */ = {isa = PBXFileReference; lastKnownFileType = sourcecode.swift; path = ViewController.swift; sourceTree = "<group>"; };
		08B2C89F2AB065EC00A98BC0 /* Base */ = {isa = PBXFileReference; lastKnownFileType = file.storyboard; name = Base; path = Base.lproj/Main.storyboard; sourceTree = "<group>"; };
		08B2C8A12AB065ED00A98BC0 /* Assets.xcassets */ = {isa = PBXFileReference; lastKnownFileType = folder.assetcatalog; path = Assets.xcassets; sourceTree = "<group>"; };
		08B2C8A42AB065ED00A98BC0 /* Base */ = {isa = PBXFileReference; lastKnownFileType = file.storyboard; name = Base; path = Base.lproj/LaunchScreen.storyboard; sourceTree = "<group>"; };
		08B2C8A62AB065ED00A98BC0 /* Info.plist */ = {isa = PBXFileReference; lastKnownFileType = text.plist.xml; path = Info.plist; sourceTree = "<group>"; };
		08B2C8AE2AB0664600A98BC0 /* UIImage+CVPixelBuffer.swift */ = {isa = PBXFileReference; lastKnownFileType = sourcecode.swift; path = "UIImage+CVPixelBuffer.swift"; sourceTree = "<group>"; };
		08B2C8B22AB06A0200A98BC0 /* CGImage+CVPixelBuffer.swift */ = {isa = PBXFileReference; lastKnownFileType = sourcecode.swift; path = "CGImage+CVPixelBuffer.swift"; sourceTree = "<group>"; };
		08B2C8B42AB0737C00A98BC0 /* MNISTClassifier.mlmodel */ = {isa = PBXFileReference; lastKnownFileType = file.mlmodel; path = MNISTClassifier.mlmodel; sourceTree = "<group>"; };
		08B2C8C12AB17DD000A98BC0 /* UIImage+Background.swift */ = {isa = PBXFileReference; lastKnownFileType = sourcecode.swift; path = "UIImage+Background.swift"; sourceTree = "<group>"; };
		08B2C8C32AB1A7D000A98BC0 /* Question.swift */ = {isa = PBXFileReference; lastKnownFileType = sourcecode.swift; path = Question.swift; sourceTree = "<group>"; };
		08B2C8C52AB2114300A98BC0 /* README.md */ = {isa = PBXFileReference; lastKnownFileType = net.daringfireball.markdown; path = README.md; sourceTree = "<group>"; };
/* End PBXFileReference section */

/* Begin PBXFrameworksBuildPhase section */
		08B2C8922AB065EC00A98BC0 /* Frameworks */ = {
			isa = PBXFrameworksBuildPhase;
			buildActionMask = 2147483647;
			files = (
				08B2C8BA2AB0843100A98BC0 /* TinyConstraints in Frameworks */,
			);
			runOnlyForDeploymentPostprocessing = 0;
		};
/* End PBXFrameworksBuildPhase section */

/* Begin PBXGroup section */
		08B2C88C2AB065EC00A98BC0 = {
			isa = PBXGroup;
			children = (
				08B2C8C52AB2114300A98BC0 /* README.md */,
				08B2C8B42AB0737C00A98BC0 /* MNISTClassifier.mlmodel */,
				08B2C8972AB065EC00A98BC0 /* SoberMeter */,
				08B2C8962AB065EC00A98BC0 /* Products */,
			);
			sourceTree = "<group>";
		};
		08B2C8962AB065EC00A98BC0 /* Products */ = {
			isa = PBXGroup;
			children = (
				08B2C8952AB065EC00A98BC0 /* SoberMeter.app */,
			);
			name = Products;
			sourceTree = "<group>";
		};
		08B2C8972AB065EC00A98BC0 /* SoberMeter */ = {
			isa = PBXGroup;
			children = (
				08B2C8982AB065EC00A98BC0 /* AppDelegate.swift */,
				08B2C89A2AB065EC00A98BC0 /* SceneDelegate.swift */,
				08B2C89C2AB065EC00A98BC0 /* ViewController.swift */,
				08B2C89E2AB065EC00A98BC0 /* Main.storyboard */,
				08B2C8A12AB065ED00A98BC0 /* Assets.xcassets */,
				08B2C8A32AB065ED00A98BC0 /* LaunchScreen.storyboard */,
				08B2C8A62AB065ED00A98BC0 /* Info.plist */,
				08B2C8AE2AB0664600A98BC0 /* UIImage+CVPixelBuffer.swift */,
				08B2C8B22AB06A0200A98BC0 /* CGImage+CVPixelBuffer.swift */,
				08B2C8C12AB17DD000A98BC0 /* UIImage+Background.swift */,
				08B2C8C32AB1A7D000A98BC0 /* Question.swift */,
			);
			path = SoberMeter;
			sourceTree = "<group>";
		};
/* End PBXGroup section */

/* Begin PBXNativeTarget section */
		08B2C8942AB065EC00A98BC0 /* SoberMeter */ = {
			isa = PBXNativeTarget;
			buildConfigurationList = 08B2C8A92AB065ED00A98BC0 /* Build configuration list for PBXNativeTarget "SoberMeter" */;
			buildPhases = (
				08B2C8912AB065EC00A98BC0 /* Sources */,
				08B2C8922AB065EC00A98BC0 /* Frameworks */,
				08B2C8932AB065EC00A98BC0 /* Resources */,
			);
			buildRules = (
			);
			dependencies = (
			);
			name = SoberMeter;
			packageProductDependencies = (
				08B2C8B92AB0843100A98BC0 /* TinyConstraints */,
			);
			productName = SoberMeter;
			productReference = 08B2C8952AB065EC00A98BC0 /* SoberMeter.app */;
			productType = "com.apple.product-type.application";
		};
/* End PBXNativeTarget section */

/* Begin PBXProject section */
		08B2C88D2AB065EC00A98BC0 /* Project object */ = {
			isa = PBXProject;
			attributes = {
				BuildIndependentTargetsInParallel = 1;
				LastSwiftUpdateCheck = 1430;
				LastUpgradeCheck = 1430;
				TargetAttributes = {
					08B2C8942AB065EC00A98BC0 = {
						CreatedOnToolsVersion = 14.3;
					};
				};
			};
			buildConfigurationList = 08B2C8902AB065EC00A98BC0 /* Build configuration list for PBXProject "SoberMeter" */;
			compatibilityVersion = "Xcode 14.0";
			developmentRegion = en;
			hasScannedForEncodings = 0;
			knownRegions = (
				en,
				Base,
			);
			mainGroup = 08B2C88C2AB065EC00A98BC0;
			packageReferences = (
				08B2C8B82AB0843100A98BC0 /* XCRemoteSwiftPackageReference "TinyConstraints" */,
			);
			productRefGroup = 08B2C8962AB065EC00A98BC0 /* Products */;
			projectDirPath = "";
			projectRoot = "";
			targets = (
				08B2C8942AB065EC00A98BC0 /* SoberMeter */,
			);
		};
/* End PBXProject section */

/* Begin PBXResourcesBuildPhase section */
		08B2C8932AB065EC00A98BC0 /* Resources */ = {
			isa = PBXResourcesBuildPhase;
			buildActionMask = 2147483647;
			files = (
				08B2C8A52AB065ED00A98BC0 /* LaunchScreen.storyboard in Resources */,
				08B2C8A22AB065ED00A98BC0 /* Assets.xcassets in Resources */,
				08B2C8A02AB065EC00A98BC0 /* Main.storyboard in Resources */,
			);
			runOnlyForDeploymentPostprocessing = 0;
		};
/* End PBXResourcesBuildPhase section */

/* Begin PBXSourcesBuildPhase section */
		08B2C8912AB065EC00A98BC0 /* Sources */ = {
			isa = PBXSourcesBuildPhase;
			buildActionMask = 2147483647;
			files = (
				08B2C89D2AB065EC00A98BC0 /* ViewController.swift in Sources */,
				08B2C8C42AB1A7D000A98BC0 /* Question.swift in Sources */,
				08B2C8C22AB17DD000A98BC0 /* UIImage+Background.swift in Sources */,
				08B2C8AF2AB0664600A98BC0 /* UIImage+CVPixelBuffer.swift in Sources */,
				08B2C8B32AB06A0200A98BC0 /* CGImage+CVPixelBuffer.swift in Sources */,
				08B2C8992AB065EC00A98BC0 /* AppDelegate.swift in Sources */,
				08B2C89B2AB065EC00A98BC0 /* SceneDelegate.swift in Sources */,
				08B2C8B52AB0737C00A98BC0 /* MNISTClassifier.mlmodel in Sources */,
			);
			runOnlyForDeploymentPostprocessing = 0;
		};
/* End PBXSourcesBuildPhase section */

/* Begin PBXVariantGroup section */
		08B2C89E2AB065EC00A98BC0 /* Main.storyboard */ = {
			isa = PBXVariantGroup;
			children = (
				08B2C89F2AB065EC00A98BC0 /* Base */,
			);
			name = Main.storyboard;
			sourceTree = "<group>";
		};
		08B2C8A32AB065ED00A98BC0 /* LaunchScreen.storyboard */ = {
			isa = PBXVariantGroup;
			children = (
				08B2C8A42AB065ED00A98BC0 /* Base */,
			);
			name = LaunchScreen.storyboard;
			sourceTree = "<group>";
		};
/* End PBXVariantGroup section */

/* Begin XCBuildConfiguration section */
		08B2C8A72AB065ED00A98BC0 /* Debug */ = {
			isa = XCBuildConfiguration;
			buildSettings = {
				ALWAYS_SEARCH_USER_PATHS = NO;
				CLANG_ANALYZER_NONNULL = YES;
				CLANG_ANALYZER_NUMBER_OBJECT_CONVERSION = YES_AGGRESSIVE;
				CLANG_CXX_LANGUAGE_STANDARD = "gnu++20";
				CLANG_ENABLE_MODULES = YES;
				CLANG_ENABLE_OBJC_ARC = YES;
				CLANG_ENABLE_OBJC_WEAK = YES;
				CLANG_WARN_BLOCK_CAPTURE_AUTORELEASING = YES;
				CLANG_WARN_BOOL_CONVERSION = YES;
				CLANG_WARN_COMMA = YES;
				CLANG_WARN_CONSTANT_CONVERSION = YES;
				CLANG_WARN_DEPRECATED_OBJC_IMPLEMENTATIONS = YES;
				CLANG_WARN_DIRECT_OBJC_ISA_USAGE = YES_ERROR;
				CLANG_WARN_DOCUMENTATION_COMMENTS = YES;
				CLANG_WARN_EMPTY_BODY = YES;
				CLANG_WARN_ENUM_CONVERSION = YES;
				CLANG_WARN_INFINITE_RECURSION = YES;
				CLANG_WARN_INT_CONVERSION = YES;
				CLANG_WARN_NON_LITERAL_NULL_CONVERSION = YES;
				CLANG_WARN_OBJC_IMPLICIT_RETAIN_SELF = YES;
				CLANG_WARN_OBJC_LITERAL_CONVERSION = YES;
				CLANG_WARN_OBJC_ROOT_CLASS = YES_ERROR;
				CLANG_WARN_QUOTED_INCLUDE_IN_FRAMEWORK_HEADER = YES;
				CLANG_WARN_RANGE_LOOP_ANALYSIS = YES;
				CLANG_WARN_STRICT_PROTOTYPES = YES;
				CLANG_WARN_SUSPICIOUS_MOVE = YES;
				CLANG_WARN_UNGUARDED_AVAILABILITY = YES_AGGRESSIVE;
				CLANG_WARN_UNREACHABLE_CODE = YES;
				CLANG_WARN__DUPLICATE_METHOD_MATCH = YES;
				COPY_PHASE_STRIP = NO;
				DEBUG_INFORMATION_FORMAT = dwarf;
				ENABLE_STRICT_OBJC_MSGSEND = YES;
				ENABLE_TESTABILITY = YES;
				GCC_C_LANGUAGE_STANDARD = gnu11;
				GCC_DYNAMIC_NO_PIC = NO;
				GCC_NO_COMMON_BLOCKS = YES;
				GCC_OPTIMIZATION_LEVEL = 0;
				GCC_PREPROCESSOR_DEFINITIONS = (
					"DEBUG=1",
					"$(inherited)",
				);
				GCC_WARN_64_TO_32_BIT_CONVERSION = YES;
				GCC_WARN_ABOUT_RETURN_TYPE = YES_ERROR;
				GCC_WARN_UNDECLARED_SELECTOR = YES;
				GCC_WARN_UNINITIALIZED_AUTOS = YES_AGGRESSIVE;
				GCC_WARN_UNUSED_FUNCTION = YES;
				GCC_WARN_UNUSED_VARIABLE = YES;
				IPHONEOS_DEPLOYMENT_TARGET = 16.4;
				MTL_ENABLE_DEBUG_INFO = INCLUDE_SOURCE;
				MTL_FAST_MATH = YES;
				ONLY_ACTIVE_ARCH = YES;
				SDKROOT = iphoneos;
				SWIFT_ACTIVE_COMPILATION_CONDITIONS = DEBUG;
				SWIFT_OPTIMIZATION_LEVEL = "-Onone";
			};
			name = Debug;
		};
		08B2C8A82AB065ED00A98BC0 /* Release */ = {
			isa = XCBuildConfiguration;
			buildSettings = {
				ALWAYS_SEARCH_USER_PATHS = NO;
				CLANG_ANALYZER_NONNULL = YES;
				CLANG_ANALYZER_NUMBER_OBJECT_CONVERSION = YES_AGGRESSIVE;
				CLANG_CXX_LANGUAGE_STANDARD = "gnu++20";
				CLANG_ENABLE_MODULES = YES;
				CLANG_ENABLE_OBJC_ARC = YES;
				CLANG_ENABLE_OBJC_WEAK = YES;
				CLANG_WARN_BLOCK_CAPTURE_AUTORELEASING = YES;
				CLANG_WARN_BOOL_CONVERSION = YES;
				CLANG_WARN_COMMA = YES;
				CLANG_WARN_CONSTANT_CONVERSION = YES;
				CLANG_WARN_DEPRECATED_OBJC_IMPLEMENTATIONS = YES;
				CLANG_WARN_DIRECT_OBJC_ISA_USAGE = YES_ERROR;
				CLANG_WARN_DOCUMENTATION_COMMENTS = YES;
				CLANG_WARN_EMPTY_BODY = YES;
				CLANG_WARN_ENUM_CONVERSION = YES;
				CLANG_WARN_INFINITE_RECURSION = YES;
				CLANG_WARN_INT_CONVERSION = YES;
				CLANG_WARN_NON_LITERAL_NULL_CONVERSION = YES;
				CLANG_WARN_OBJC_IMPLICIT_RETAIN_SELF = YES;
				CLANG_WARN_OBJC_LITERAL_CONVERSION = YES;
				CLANG_WARN_OBJC_ROOT_CLASS = YES_ERROR;
				CLANG_WARN_QUOTED_INCLUDE_IN_FRAMEWORK_HEADER = YES;
				CLANG_WARN_RANGE_LOOP_ANALYSIS = YES;
				CLANG_WARN_STRICT_PROTOTYPES = YES;
				CLANG_WARN_SUSPICIOUS_MOVE = YES;
				CLANG_WARN_UNGUARDED_AVAILABILITY = YES_AGGRESSIVE;
				CLANG_WARN_UNREACHABLE_CODE = YES;
				CLANG_WARN__DUPLICATE_METHOD_MATCH = YES;
				COPY_PHASE_STRIP = NO;
				DEBUG_INFORMATION_FORMAT = "dwarf-with-dsym";
				ENABLE_NS_ASSERTIONS = NO;
				ENABLE_STRICT_OBJC_MSGSEND = YES;
				GCC_C_LANGUAGE_STANDARD = gnu11;
				GCC_NO_COMMON_BLOCKS = YES;
				GCC_WARN_64_TO_32_BIT_CONVERSION = YES;
				GCC_WARN_ABOUT_RETURN_TYPE = YES_ERROR;
				GCC_WARN_UNDECLARED_SELECTOR = YES;
				GCC_WARN_UNINITIALIZED_AUTOS = YES_AGGRESSIVE;
				GCC_WARN_UNUSED_FUNCTION = YES;
				GCC_WARN_UNUSED_VARIABLE = YES;
				IPHONEOS_DEPLOYMENT_TARGET = 16.4;
				MTL_ENABLE_DEBUG_INFO = NO;
				MTL_FAST_MATH = YES;
				SDKROOT = iphoneos;
				SWIFT_COMPILATION_MODE = wholemodule;
				SWIFT_OPTIMIZATION_LEVEL = "-O";
				VALIDATE_PRODUCT = YES;
			};
			name = Release;
		};
		08B2C8AA2AB065ED00A98BC0 /* Debug */ = {
			isa = XCBuildConfiguration;
			buildSettings = {
				ASSETCATALOG_COMPILER_APPICON_NAME = AppIcon;
				ASSETCATALOG_COMPILER_GLOBAL_ACCENT_COLOR_NAME = AccentColor;
				CODE_SIGN_STYLE = Automatic;
				CURRENT_PROJECT_VERSION = 1;
				DEVELOPMENT_TEAM = KTZBQ22Z6S;
				GENERATE_INFOPLIST_FILE = YES;
				INFOPLIST_FILE = SoberMeter/Info.plist;
				INFOPLIST_KEY_UIApplicationSupportsIndirectInputEvents = YES;
				INFOPLIST_KEY_UILaunchStoryboardName = LaunchScreen;
				INFOPLIST_KEY_UIMainStoryboardFile = Main;
				INFOPLIST_KEY_UISupportedInterfaceOrientations_iPad = "UIInterfaceOrientationPortrait UIInterfaceOrientationPortraitUpsideDown UIInterfaceOrientationLandscapeLeft UIInterfaceOrientationLandscapeRight";
				INFOPLIST_KEY_UISupportedInterfaceOrientations_iPhone = "UIInterfaceOrientationPortrait UIInterfaceOrientationLandscapeLeft UIInterfaceOrientationLandscapeRight";
				LD_RUNPATH_SEARCH_PATHS = (
					"$(inherited)",
					"@executable_path/Frameworks",
				);
				MARKETING_VERSION = 1.0;
				PRODUCT_BUNDLE_IDENTIFIER = rational.SoberMeter;
				PRODUCT_NAME = "$(TARGET_NAME)";
				SWIFT_EMIT_LOC_STRINGS = YES;
				SWIFT_VERSION = 5.0;
				TARGETED_DEVICE_FAMILY = "1,2";
			};
			name = Debug;
		};
		08B2C8AB2AB065ED00A98BC0 /* Release */ = {
			isa = XCBuildConfiguration;
			buildSettings = {
				ASSETCATALOG_COMPILER_APPICON_NAME = AppIcon;
				ASSETCATALOG_COMPILER_GLOBAL_ACCENT_COLOR_NAME = AccentColor;
				CODE_SIGN_STYLE = Automatic;
				CURRENT_PROJECT_VERSION = 1;
				DEVELOPMENT_TEAM = KTZBQ22Z6S;
				GENERATE_INFOPLIST_FILE = YES;
				INFOPLIST_FILE = SoberMeter/Info.plist;
				INFOPLIST_KEY_UIApplicationSupportsIndirectInputEvents = YES;
				INFOPLIST_KEY_UILaunchStoryboardName = LaunchScreen;
				INFOPLIST_KEY_UIMainStoryboardFile = Main;
				INFOPLIST_KEY_UISupportedInterfaceOrientations_iPad = "UIInterfaceOrientationPortrait UIInterfaceOrientationPortraitUpsideDown UIInterfaceOrientationLandscapeLeft UIInterfaceOrientationLandscapeRight";
				INFOPLIST_KEY_UISupportedInterfaceOrientations_iPhone = "UIInterfaceOrientationPortrait UIInterfaceOrientationLandscapeLeft UIInterfaceOrientationLandscapeRight";
				LD_RUNPATH_SEARCH_PATHS = (
					"$(inherited)",
					"@executable_path/Frameworks",
				);
				MARKETING_VERSION = 1.0;
				PRODUCT_BUNDLE_IDENTIFIER = rational.SoberMeter;
				PRODUCT_NAME = "$(TARGET_NAME)";
				SWIFT_EMIT_LOC_STRINGS = YES;
				SWIFT_VERSION = 5.0;
				TARGETED_DEVICE_FAMILY = "1,2";
			};
			name = Release;
		};
/* End XCBuildConfiguration section */

/* Begin XCConfigurationList section */
		08B2C8902AB065EC00A98BC0 /* Build configuration list for PBXProject "SoberMeter" */ = {
			isa = XCConfigurationList;
			buildConfigurations = (
				08B2C8A72AB065ED00A98BC0 /* Debug */,
				08B2C8A82AB065ED00A98BC0 /* Release */,
			);
			defaultConfigurationIsVisible = 0;
			defaultConfigurationName = Release;
		};
		08B2C8A92AB065ED00A98BC0 /* Build configuration list for PBXNativeTarget "SoberMeter" */ = {
			isa = XCConfigurationList;
			buildConfigurations = (
				08B2C8AA2AB065ED00A98BC0 /* Debug */,
				08B2C8AB2AB065ED00A98BC0 /* Release */,
			);
			defaultConfigurationIsVisible = 0;
			defaultConfigurationName = Release;
		};
/* End XCConfigurationList section */

/* Begin XCRemoteSwiftPackageReference section */
		08B2C8B82AB0843100A98BC0 /* XCRemoteSwiftPackageReference "TinyConstraints" */ = {
			isa = XCRemoteSwiftPackageReference;
			repositoryURL = "https://github.com/roberthein/TinyConstraints.git";
			requirement = {
				kind = upToNextMajorVersion;
				minimumVersion = 4.0.0;
			};
		};
/* End XCRemoteSwiftPackageReference section */

/* Begin XCSwiftPackageProductDependency section */
		08B2C8B92AB0843100A98BC0 /* TinyConstraints */ = {
			isa = XCSwiftPackageProductDependency;
			package = 08B2C8B82AB0843100A98BC0 /* XCRemoteSwiftPackageReference "TinyConstraints" */;
			productName = TinyConstraints;
		};
/* End XCSwiftPackageProductDependency section */
	};
	rootObject = 08B2C88D2AB065EC00A98BC0 /* Project object */;
}
